// !$*UTF8*$!
{
	archiveVersion = 1;
	classes = {
	};
	objectVersion = 77;
	objects = {

/* Begin PBXGroup section */
		4430DD5A2F85D876008BDC16 = {
			isa = PBXGroup;
			children = (
			);
			sourceTree = "<group>";
		};
/* End PBXGroup section */

/* Begin PBXProject section */
		4430DD5B2F85D876008BDC16 /* Project object */ = {
			isa = PBXProject;
			attributes = {
				BuildIndependentTargetsInParallel = 1;
				LastUpgradeCheck = 2640;
			};
			buildConfigurationList = 4430DD5E2F85D876008BDC16 /* Build configuration list for PBXProject "TLM Website" */;
			developmentRegion = en;
			hasScannedForEncodings = 0;
			knownRegions = (
				en,
				Base,
			);
			mainGroup = 4430DD5A2F85D876008BDC16;
			minimizedProjectReferenceProxies = 1;
			preferredProjectObjectVersion = 77;
			projectDirPath = "";
			projectRoot = "";
			targets = (
			);
		};
/* End PBXProject section */

/* Begin XCBuildConfiguration section */
		4430DD5F2F85D876008BDC16 /* Debug */ = {
			isa = XCBuildConfiguration;
			buildSettings = {
				DEVELOPMENT_TEAM = 6N3R6GSXH3;
			};
			name = Debug;
		};
		4430DD602F85D876008BDC16 /* Release */ = {
			isa = XCBuildConfiguration;
			buildSettings = {
				DEVELOPMENT_TEAM = 6N3R6GSXH3;
			};
			name = Release;
		};
/* End XCBuildConfiguration section */

/* Begin XCConfigurationList section */
		4430DD5E2F85D876008BDC16 /* Build configuration list for PBXProject "TLM Website" */ = {
			isa = XCConfigurationList;
			buildConfigurations = (
				4430DD5F2F85D876008BDC16 /* Debug */,
				4430DD602F85D876008BDC16 /* Release */,
			);
			defaultConfigurationIsVisible = 0;
			defaultConfigurationName = Release;
		};
/* End XCConfigurationList section */
	};
	rootObject = 4430DD5B2F85D876008BDC16 /* Project object */;
}
